
Microsoft Visual Studio Solution File, Format Version 12.00
# Visual Studio Version 16
VisualStudioVersion = 16.0.31402.337
MinimumVisualStudioVersion = 10.0.40219.1
Project("{FAE04EC0-301F-11D3-BF4B-00C04F79EFBC}") = "ControlePedidos", "ControlePedidos\ControlePedidos.csproj", "{DF0365C1-BB2E-452F-8FEE-4F35CBE5CF3A}"
EndProject
Global
	GlobalSection(SolutionConfigurationPlatforms) = preSolution
		Debug|Any CPU = Debug|Any CPU
		Release|Any CPU = Release|Any CPU
	EndGlobalSection
	GlobalSection(ProjectConfigurationPlatforms) = postSolution
		{DF0365C1-BB2E-452F-8FEE-4F35CBE5CF3A}.Debug|Any CPU.ActiveCfg = Debug|Any CPU
		{DF0365C1-BB2E-452F-8FEE-4F35CBE5CF3A}.Debug|Any CPU.Build.0 = Debug|Any CPU
		{DF0365C1-BB2E-452F-8FEE-4F35CBE5CF3A}.Release|Any CPU.ActiveCfg = Release|Any CPU
		{DF0365C1-BB2E-452F-8FEE-4F35CBE5CF3A}.Release|Any CPU.Build.0 = Release|Any CPU
	EndGlobalSection
	GlobalSection(SolutionProperties) = preSolution
		HideSolutionNode = FALSE
	EndGlobalSection
	GlobalSection(ExtensibilityGlobals) = postSolution
		SolutionGuid = {5705EE23-D14D-4368-9088-2E64C4198B56}
	EndGlobalSection
EndGlobal
